
Microsoft Visual Studio Solution File, Format Version 12.00
# Visual Studio Version 16
VisualStudioVersion = 16.0.29728.190
MinimumVisualStudioVersion = 10.0.40219.1
Project("{FAE04EC0-301F-11D3-BF4B-00C04F79EFBC}") = "WPFDEMO", "WPFDEMO.csproj", "{6F8D42E3-42CA-4DCF-99AA-CA173DCE7C63}"
EndProject
Global
	GlobalSection(SolutionConfigurationPlatforms) = preSolution
		Debug|Any CPU = Debug|Any CPU
		Release|Any CPU = Release|Any CPU
	EndGlobalSection
	GlobalSection(ProjectConfigurationPlatforms) = postSolution
		{6F8D42E3-42CA-4DCF-99AA-CA173DCE7C63}.Debug|Any CPU.ActiveCfg = Debug|Any CPU
		{6F8D42E3-42CA-4DCF-99AA-CA173DCE7C63}.Debug|Any CPU.Build.0 = Debug|Any CPU
		{6F8D42E3-42CA-4DCF-99AA-CA173DCE7C63}.Release|Any CPU.ActiveCfg = Release|Any CPU
		{6F8D42E3-42CA-4DCF-99AA-CA173DCE7C63}.Release|Any CPU.Build.0 = Release|Any CPU
	EndGlobalSection
	GlobalSection(SolutionProperties) = preSolution
		HideSolutionNode = FALSE
	EndGlobalSection
	GlobalSection(ExtensibilityGlobals) = postSolution
		SolutionGuid = {09400CDE-C4B1-4437-AD9E-0BCC70AE1196}
	EndGlobalSection
EndGlobal
